
Microsoft Visual Studio Solution File, Format Version 11.00
# Visual Studio 2010
Project("{FAE04EC0-301F-11D3-BF4B-00C04F79EFBC}") = "Web_Take_a_Test", "Web_Take_a_Test\Web_Take_a_Test.csproj", "{CAF6F149-6FB9-4F74-9B96-8B90149F78C3}"
EndProject
Global
	GlobalSection(SolutionConfigurationPlatforms) = preSolution
		Debug|Any CPU = Debug|Any CPU
		Release|Any CPU = Release|Any CPU
	EndGlobalSection
	GlobalSection(ProjectConfigurationPlatforms) = postSolution
		{CAF6F149-6FB9-4F74-9B96-8B90149F78C3}.Debug|Any CPU.ActiveCfg = Debug|Any CPU
		{CAF6F149-6FB9-4F74-9B96-8B90149F78C3}.Debug|Any CPU.Build.0 = Debug|Any CPU
		{CAF6F149-6FB9-4F74-9B96-8B90149F78C3}.Release|Any CPU.ActiveCfg = Release|Any CPU
		{CAF6F149-6FB9-4F74-9B96-8B90149F78C3}.Release|Any CPU.Build.0 = Release|Any CPU
	EndGlobalSection
	GlobalSection(SolutionProperties) = preSolution
		HideSolutionNode = FALSE
	EndGlobalSection
EndGlobal
